{
  "name": "@nrkn/loned",
  "version": "0.0.1",
  "lockfileVersion": 3,
  "requires": true,
  "packages": {
    "": {
      "name": "@nrkn/loned",
      "version": "0.0.1",
      "license": "MIT",
      "devDependencies": {
        "@types/node": "^20.2.3"
      }
    },
    "node_modules/@types/node": {
      "version": "20.2.3",
      "dev": true,
      "license": "MIT"
    }
  }
}
